
Microsoft Visual Studio Solution File, Format Version 11.00
# Visual Studio 2010
Project("{8BC9CEB8-8B4A-11D0-8D11-00A0C91BC942}") = "KDG_1.1_GUGUDAN", "KDG_1.1_GUGUDAN\KDG_1.1_GUGUDAN.vcxproj", "{E163038F-D9D0-49F5-B619-07C02062254E}"
EndProject
Project("{8BC9CEB8-8B4A-11D0-8D11-00A0C91BC942}") = "KDG_1.2_ASCII ART", "KDG_1.2_ASCII ART\KDG_1.2_ASCII ART.vcxproj", "{77536918-EE20-444C-8D95-E35B2FF6F724}"
EndProject
Project("{8BC9CEB8-8B4A-11D0-8D11-00A0C91BC942}") = "KDG_1.3_TRANS", "KDG_1.3_TRANS\KDG_1.3_TRANS.vcxproj", "{A7B0C38E-3D2C-4CB8-92E1-2C8039AB1901}"
EndProject
Project("{8BC9CEB8-8B4A-11D0-8D11-00A0C91BC942}") = "KDG_1.4_TAX", "KDG_1.4_TAX\KDG_1.4_TAX.vcxproj", "{517301C0-63B0-40C0-A916-4C3F4238F0AE}"
EndProject
Project("{8BC9CEB8-8B4A-11D0-8D11-00A0C91BC942}") = "KDG_2.1_GAME_GUGUDAN", "KDG_2.1_GAME_GUGUDAN\KDG_2.1_GAME_GUGUDAN.vcxproj", "{4215366F-A955-4FEB-B72E-BE0A7769FCBE}"
EndProject
Project("{8BC9CEB8-8B4A-11D0-8D11-00A0C91BC942}") = "KDG_3.1_GUGUDAN_Rank", "KDG_3.1_GUGUDAN\KDG_3.1_GUGUDAN.vcxproj", "{436BF949-B4D5-44B4-BAB3-883CFC477680}"
EndProject
Global
	GlobalSection(SolutionConfigurationPlatforms) = preSolution
		Debug|Win32 = Debug|Win32
		Release|Win32 = Release|Win32
	EndGlobalSection
	GlobalSection(ProjectConfigurationPlatforms) = postSolution
		{E163038F-D9D0-49F5-B619-07C02062254E}.Debug|Win32.ActiveCfg = Debug|Win32
		{E163038F-D9D0-49F5-B619-07C02062254E}.Debug|Win32.Build.0 = Debug|Win32
		{E163038F-D9D0-49F5-B619-07C02062254E}.Release|Win32.ActiveCfg = Release|Win32
		{E163038F-D9D0-49F5-B619-07C02062254E}.Release|Win32.Build.0 = Release|Win32
		{77536918-EE20-444C-8D95-E35B2FF6F724}.Debug|Win32.ActiveCfg = Debug|Win32
		{77536918-EE20-444C-8D95-E35B2FF6F724}.Debug|Win32.Build.0 = Debug|Win32
		{77536918-EE20-444C-8D95-E35B2FF6F724}.Release|Win32.ActiveCfg = Release|Win32
		{77536918-EE20-444C-8D95-E35B2FF6F724}.Release|Win32.Build.0 = Release|Win32
		{A7B0C38E-3D2C-4CB8-92E1-2C8039AB1901}.Debug|Win32.ActiveCfg = Debug|Win32
		{A7B0C38E-3D2C-4CB8-92E1-2C8039AB1901}.Debug|Win32.Build.0 = Debug|Win32
		{A7B0C38E-3D2C-4CB8-92E1-2C8039AB1901}.Release|Win32.ActiveCfg = Release|Win32
		{A7B0C38E-3D2C-4CB8-92E1-2C8039AB1901}.Release|Win32.Build.0 = Release|Win32
		{517301C0-63B0-40C0-A916-4C3F4238F0AE}.Debug|Win32.ActiveCfg = Debug|Win32
		{517301C0-63B0-40C0-A916-4C3F4238F0AE}.Debug|Win32.Build.0 = Debug|Win32
		{517301C0-63B0-40C0-A916-4C3F4238F0AE}.Release|Win32.ActiveCfg = Release|Win32
		{517301C0-63B0-40C0-A916-4C3F4238F0AE}.Release|Win32.Build.0 = Release|Win32
		{4215366F-A955-4FEB-B72E-BE0A7769FCBE}.Debug|Win32.ActiveCfg = Debug|Win32
		{4215366F-A955-4FEB-B72E-BE0A7769FCBE}.Debug|Win32.Build.0 = Debug|Win32
		{4215366F-A955-4FEB-B72E-BE0A7769FCBE}.Release|Win32.ActiveCfg = Release|Win32
		{4215366F-A955-4FEB-B72E-BE0A7769FCBE}.Release|Win32.Build.0 = Release|Win32
		{436BF949-B4D5-44B4-BAB3-883CFC477680}.Debug|Win32.ActiveCfg = Debug|Win32
		{436BF949-B4D5-44B4-BAB3-883CFC477680}.Debug|Win32.Build.0 = Debug|Win32
		{436BF949-B4D5-44B4-BAB3-883CFC477680}.Release|Win32.ActiveCfg = Release|Win32
		{436BF949-B4D5-44B4-BAB3-883CFC477680}.Release|Win32.Build.0 = Release|Win32
	EndGlobalSection
	GlobalSection(SolutionProperties) = preSolution
		HideSolutionNode = FALSE
	EndGlobalSection
EndGlobal
